<?xml version="1.0" encoding="utf-8"?>
<Project ToolsVersion="4.0" xmlns="http://schemas.microsoft.com/developer/msbuild/2003">
  <ItemGroup>
    <Filter Include="Source Files">
      <UniqueIdentifier>{4FC737F1-C7A5-4376-A066-2A32D752A2FF}</UniqueIdentifier>
      <Extensions>cpp;c;cc;cxx;def;odl;idl;hpj;bat;asm;asmx</Extensions>
    </Filter>
    <Filter Include="Header Files">
      <UniqueIdentifier>{93995380-89BD-4b04-88EB-625FBE52EBFB}</UniqueIdentifier>
      <Extensions>h;hpp;hxx;hm;inl;inc;xsd</Extensions>
    </Filter>
    <Filter Include="Resource Files">
      <UniqueIdentifier>{67DA6AB6-F800-4c08-8B7A-83BB121AAD01}</UniqueIdentifier>
      <Extensions>rc;ico;cur;bmp;dlg;rc2;rct;bin;rgs;gif;jpg;jpeg;jpe;resx;tiff;tif;png;wav</Extensions>
    </Filter>
    <Filter Include="Header Files\algorithm">
      <UniqueIdentifier>{0538ddc3-c778-407c-b49d-3cd0bce54d8f}</UniqueIdentifier>
    </Filter>
    <Filter Include="Header Files\tensor">
      <UniqueIdentifier>{2f31892a-eb15-4167-80b5-a0006a7fbad3}</UniqueIdentifier>
    </Filter>
    <Filter Include="Header Files\numeric">
      <UniqueIdentifier>{7c641d23-fd53-477c-b3a8-9be7feb77114}</UniqueIdentifier>
    </Filter>
    <Filter Include="Header Files\tensor\detail">
      <UniqueIdentifier>{237bec94-8daf-4db3-8910-725794a25add}</UniqueIdentifier>
    </Filter>
    <Filter Include="Header Files\space">
      <UniqueIdentifier>{62cfe776-a4e2-4046-bbdf-0adccfcc59ff}</UniqueIdentifier>
    </Filter>
    <Filter Include="Header Files\primitive">
      <UniqueIdentifier>{80074dda-6eb4-45a9-8a85-ab48959dcc41}</UniqueIdentifier>
    </Filter>
    <Filter Include="Header Files\arithmetic">
      <UniqueIdentifier>{3e142d2b-cc5e-4e97-9f1f-afd8905804dc}</UniqueIdentifier>
    </Filter>
    <Filter Include="Header Files\utility">
      <UniqueIdentifier>{3eb612f1-6d1e-471e-bdc4-bec726d1d93d}</UniqueIdentifier>
    </Filter>
    <Filter Include="Header Files\utility\fusion">
      <UniqueIdentifier>{72bb6687-a578-47fb-acae-ca23615d8d42}</UniqueIdentifier>
    </Filter>
    <Filter Include="Header Files\tensor\access">
      <UniqueIdentifier>{10d58e67-ec1a-474b-acd6-fcde66dd4d21}</UniqueIdentifier>
    </Filter>
    <Filter Include="Header Files\tensor\scalar">
      <UniqueIdentifier>{47a6d15c-b669-43a5-987c-8ef95a76b892}</UniqueIdentifier>
    </Filter>
    <Filter Include="Header Files\tensor\sequence">
      <UniqueIdentifier>{e0b37806-98ac-4100-81fa-c223bfc50db8}</UniqueIdentifier>
    </Filter>
    <Filter Include="Header Files\tensor\matrix">
      <UniqueIdentifier>{416e605d-0d7e-4cac-a511-6806d79c957a}</UniqueIdentifier>
    </Filter>
    <Filter Include="Header Files\arithmetic\detail">
      <UniqueIdentifier>{a5d825ab-8a85-4223-8a7c-9ea23c1b420b}</UniqueIdentifier>
    </Filter>
    <Filter Include="Header Files\algebra">
      <UniqueIdentifier>{cfa3d6ef-fe04-4eda-be4f-c4439540fb8b}</UniqueIdentifier>
    </Filter>
    <Filter Include="Header Files\algebra\detail">
      <UniqueIdentifier>{9b89ad45-ee8f-4f82-81ec-538e76deb768}</UniqueIdentifier>
    </Filter>
    <Filter Include="Header Files\tensor\matrix\preprocessed">
      <UniqueIdentifier>{f2c12469-e6c4-49e0-872b-ac3375603198}</UniqueIdentifier>
    </Filter>
    <Filter Include="Header Files\algebra\detail\preprocessed">
      <UniqueIdentifier>{f2b8a17a-9bda-4264-ba50-180f7054ed53}</UniqueIdentifier>
    </Filter>
    <Filter Include="Header Files\algebra\functions">
      <UniqueIdentifier>{e678cad9-91e5-415f-a029-2b17a4ed9c40}</UniqueIdentifier>
    </Filter>
    <Filter Include="Header Files\arithmetic\vector">
      <UniqueIdentifier>{933f22e8-b49a-4933-a1a8-6967b16f009b}</UniqueIdentifier>
    </Filter>
    <Filter Include="Header Files\algebra\functions\binary">
      <UniqueIdentifier>{7ae0a400-c674-454e-b919-da2f3adef9a2}</UniqueIdentifier>
    </Filter>
    <Filter Include="Header Files\algorithm\distance">
      <UniqueIdentifier>{75ada1f6-4f12-420e-99c3-0c6889b20a70}</UniqueIdentifier>
    </Filter>
    <Filter Include="Header Files\algorithm\intersection">
      <UniqueIdentifier>{859a1e5e-1e91-4fe0-b886-f88203ecb45f}</UniqueIdentifier>
    </Filter>
    <Filter Include="Header Files\algorithm\point_sequence">
      <UniqueIdentifier>{c6af5b1e-0560-485d-8702-76a72acc11fe}</UniqueIdentifier>
    </Filter>
    <Filter Include="Header Files\test">
      <UniqueIdentifier>{b8b2f806-cdc8-4747-bf36-25133d37e420}</UniqueIdentifier>
    </Filter>
  </ItemGroup>
  <ItemGroup>
    <ClInclude Include="space\affine_space_traits.hpp">
      <Filter>Header Files\space</Filter>
    </ClInclude>
    <ClInclude Include="space\affine_space.hpp">
      <Filter>Header Files\space</Filter>
    </ClInclude>
    <ClInclude Include="arithmetic\arithmetic_promotion_policy.hpp">
      <Filter>Header Files\arithmetic</Filter>
    </ClInclude>
    <ClInclude Include="utility\member_function_fusion_adaptor\adapt_member_function.hpp">
      <Filter>Header Files\utility\fusion</Filter>
    </ClInclude>
    <ClInclude Include="utility\array.hpp">
      <Filter>Header Files\utility\fusion</Filter>
    </ClInclude>
    <ClInclude Include="utility\member_function_fusion_adaptor\at_impl.hpp">
      <Filter>Header Files\utility\fusion</Filter>
    </ClInclude>
    <ClInclude Include="utility\member_function_fusion_adaptor\begin_impl.hpp">
      <Filter>Header Files\utility\fusion</Filter>
    </ClInclude>
    <ClInclude Include="algebra\binary_functions.hpp">
      <Filter>Header Files\algebra</Filter>
    </ClInclude>
    <ClInclude Include="space\cartesian_access_traits.hpp">
      <Filter>Header Files\space</Filter>
    </ClInclude>
    <ClInclude Include="space\cartesian_polar_transformation.hpp">
      <Filter>Header Files\space</Filter>
    </ClInclude>
    <ClInclude Include="space\cartesian_reference_frame.hpp">
      <Filter>Header Files\space</Filter>
    </ClInclude>
    <ClInclude Include="utility\member_function_fusion_adaptor\category_of_impl.hpp">
      <Filter>Header Files\utility\fusion</Filter>
    </ClInclude>
    <ClInclude Include="numeric\constants.hpp">
      <Filter>Header Files\numeric</Filter>
    </ClInclude>
    <ClInclude Include="utility\construction_policy.hpp">
      <Filter>Header Files\utility</Filter>
    </ClInclude>
    <ClInclude Include="space\coordinate_basis.hpp">
      <Filter>Header Files\space</Filter>
    </ClInclude>
    <ClInclude Include="space\coordinate_basis_traits.hpp">
      <Filter>Header Files\space</Filter>
    </ClInclude>
    <ClInclude Include="space\coordinate_traits.hpp">
      <Filter>Header Files\space</Filter>
    </ClInclude>
    <ClInclude Include="algebra\cross_product.hpp">
      <Filter>Header Files\algebra</Filter>
    </ClInclude>
    <ClInclude Include="algebra\dot_product.hpp">
      <Filter>Header Files\algebra</Filter>
    </ClInclude>
    <ClInclude Include="utility\member_function_fusion_adaptor\end_impl.hpp">
      <Filter>Header Files\utility\fusion</Filter>
    </ClInclude>
    <ClInclude Include="algebra\expression.hpp">
      <Filter>Header Files\algebra</Filter>
    </ClInclude>
    <ClInclude Include="utility\member_function_fusion_adaptor\is_view_impl.hpp">
      <Filter>Header Files\utility\fusion</Filter>
    </ClInclude>
    <ClInclude Include="utility\member_function_fusion_adaptor\is_sequence_impl.hpp">
      <Filter>Header Files\utility\fusion</Filter>
    </ClInclude>
    <ClInclude Include="algebra\lup_decomposition.hpp">
      <Filter>Header Files\algebra</Filter>
    </ClInclude>
    <ClInclude Include="utility\member_function_fusion_adaptor.hpp">
      <Filter>Header Files\utility\fusion</Filter>
    </ClInclude>
    <ClInclude Include="utility\member_function_fusion_adaptor\member_function_iterator.hpp">
      <Filter>Header Files\utility\fusion</Filter>
    </ClInclude>
    <ClInclude Include="utility\member_function_fusion_adaptor\extension.hpp">
      <Filter>Header Files\utility\fusion</Filter>
    </ClInclude>
    <ClInclude Include="numeric\fixed_point.hpp">
      <Filter>Header Files\numeric</Filter>
    </ClInclude>
    <ClInclude Include="utility\floating_point_comparison.hpp">
      <Filter>Header Files\numeric</Filter>
    </ClInclude>
    <ClInclude Include="primitive\line.hpp">
      <Filter>Header Files\primitive</Filter>
    </ClInclude>
    <ClInclude Include="primitive\line_traits.hpp">
      <Filter>Header Files\primitive</Filter>
    </ClInclude>
    <ClInclude Include="tensor\detail\matrix_base.hpp">
      <Filter>Header Files\tensor\detail</Filter>
    </ClInclude>
    <ClInclude Include="tensor\detail\matrix_m.hpp">
      <Filter>Header Files\tensor\detail</Filter>
    </ClInclude>
    <ClInclude Include="tensor\detail\matrix_mxn.hpp">
      <Filter>Header Files\tensor\detail</Filter>
    </ClInclude>
    <ClInclude Include="tensor\detail\matrix_traits.hpp">
      <Filter>Header Files\tensor\detail</Filter>
    </ClInclude>
    <ClInclude Include="numeric\number_comparison_policy.hpp">
      <Filter>Header Files\numeric</Filter>
    </ClInclude>
    <ClInclude Include="numeric\numeric_traits.hpp">
      <Filter>Header Files\numeric</Filter>
    </ClInclude>
    <ClInclude Include="primitive\point.hpp">
      <Filter>Header Files\primitive</Filter>
    </ClInclude>
    <ClInclude Include="primitive\point_sequence.hpp">
      <Filter>Header Files\primitive</Filter>
    </ClInclude>
    <ClInclude Include="primitive\point_sequence_traits.hpp">
      <Filter>Header Files\primitive</Filter>
    </ClInclude>
    <ClInclude Include="primitive\point_traits.hpp">
      <Filter>Header Files\primitive</Filter>
    </ClInclude>
    <ClInclude Include="primitive\segment.hpp">
      <Filter>Header Files\primitive</Filter>
    </ClInclude>
    <ClInclude Include="primitive\segment_traits.hpp">
      <Filter>Header Files\primitive</Filter>
    </ClInclude>
    <ClInclude Include="primitive\sphere.hpp">
      <Filter>Header Files\primitive</Filter>
    </ClInclude>
    <ClInclude Include="primitive\sphere_traits.hpp">
      <Filter>Header Files\primitive</Filter>
    </ClInclude>
    <ClInclude Include="space\neutral_reference_frame.hpp">
      <Filter>Header Files\space</Filter>
    </ClInclude>
    <ClInclude Include="utility\generative_category.hpp">
      <Filter>Header Files\utility</Filter>
    </ClInclude>
    <ClInclude Include="utility\preprocessor.hpp">
      <Filter>Header Files\utility</Filter>
    </ClInclude>
    <ClInclude Include="space\reference_frame_transformation.hpp">
      <Filter>Header Files\space</Filter>
    </ClInclude>
    <ClInclude Include="space\reference_frame_traits.hpp">
      <Filter>Header Files\space</Filter>
    </ClInclude>
    <ClInclude Include="space\reference_frame_adaptor.hpp">
      <Filter>Header Files\space</Filter>
    </ClInclude>
    <ClInclude Include="space\polar_cartesian_transformation.hpp">
      <Filter>Header Files\space</Filter>
    </ClInclude>
    <ClInclude Include="space\polar_access_traits.hpp">
      <Filter>Header Files\space</Filter>
    </ClInclude>
    <ClInclude Include="tensor\tensor_traits.hpp">
      <Filter>Header Files\tensor</Filter>
    </ClInclude>
    <ClInclude Include="utility\member_function_fusion_adaptor\size_impl.hpp">
      <Filter>Header Files\utility\fusion</Filter>
    </ClInclude>
    <ClInclude Include="utility\member_function_fusion_adaptor\value_at_impl.hpp">
      <Filter>Header Files\utility\fusion</Filter>
    </ClInclude>
    <ClInclude Include="algebra\unary_functions.hpp">
      <Filter>Header Files\algebra</Filter>
    </ClInclude>
    <ClInclude Include="algebra\type_traits.hpp">
      <Filter>Header Files\algebra</Filter>
    </ClInclude>
    <ClInclude Include="algorithm\line_intersection.hpp">
      <Filter>Header Files\algorithm</Filter>
    </ClInclude>
    <ClInclude Include="algorithm\linear_components_intersection.hpp">
      <Filter>Header Files\algorithm</Filter>
    </ClInclude>
    <ClInclude Include="algorithm\segment_intersection.hpp">
      <Filter>Header Files\algorithm</Filter>
    </ClInclude>
    <ClInclude Include="algebra\terminals.hpp">
      <Filter>Header Files\algebra</Filter>
    </ClInclude>
    <ClInclude Include="numeric\integral_constant_pi_calculator.hpp">
      <Filter>Header Files\numeric</Filter>
    </ClInclude>
    <ClInclude Include="utility\random_generator.hpp">
      <Filter>Header Files\utility</Filter>
    </ClInclude>
    <ClInclude Include="tensor\detail\vector_base.hpp">
      <Filter>Header Files\tensor\detail</Filter>
    </ClInclude>
    <ClInclude Include="tensor\detail\vector_generator.hpp">
      <Filter>Header Files\tensor\detail</Filter>
    </ClInclude>
    <ClInclude Include="tensor\detail\vector_n.hpp">
      <Filter>Header Files\tensor\detail</Filter>
    </ClInclude>
    <ClInclude Include="tensor\detail\numeric_sequence_base.hpp">
      <Filter>Header Files\tensor\detail</Filter>
    </ClInclude>
    <ClInclude Include="tensor\detail\numeric_sequence_generator.hpp">
      <Filter>Header Files\tensor\detail</Filter>
    </ClInclude>
    <ClInclude Include="tensor\detail\numeric_sequence_limits.hpp">
      <Filter>Header Files\tensor\detail</Filter>
    </ClInclude>
    <ClInclude Include="tensor\detail\numeric_sequence_n.hpp">
      <Filter>Header Files\tensor\detail</Filter>
    </ClInclude>
    <ClInclude Include="tensor\fusion_vector_access_policy.hpp">
      <Filter>Header Files\tensor\access</Filter>
    </ClInclude>
    <ClInclude Include="tensor\index_operator_matrix_access_policy.hpp">
      <Filter>Header Files\tensor\access</Filter>
    </ClInclude>
    <ClInclude Include="tensor\index_operator_vector_access_policy.hpp">
      <Filter>Header Files\tensor\access</Filter>
    </ClInclude>
    <ClInclude Include="tensor\scalar_access_policy.hpp">
      <Filter>Header Files\tensor\access</Filter>
    </ClInclude>
    <ClInclude Include="tensor\tuple_vector_access_policy.hpp">
      <Filter>Header Files\tensor\access</Filter>
    </ClInclude>
    <ClInclude Include="tensor\matrix.hpp">
      <Filter>Header Files\tensor\matrix</Filter>
    </ClInclude>
    <ClInclude Include="tensor\matrix_traits.hpp">
      <Filter>Header Files\tensor\matrix</Filter>
    </ClInclude>
    <ClInclude Include="tensor\matrix_column.hpp">
      <Filter>Header Files\tensor\matrix</Filter>
    </ClInclude>
    <ClInclude Include="tensor\matrix_minor_adaptor.hpp">
      <Filter>Header Files\tensor\matrix</Filter>
    </ClInclude>
    <ClInclude Include="tensor\matrix_row.hpp">
      <Filter>Header Files\tensor\matrix</Filter>
    </ClInclude>
    <ClInclude Include="tensor\vector_matrix_adaptors.hpp">
      <Filter>Header Files\tensor\matrix</Filter>
    </ClInclude>
    <ClInclude Include="tensor\detail\tensor_access_defines.hpp">
      <Filter>Header Files\tensor\access</Filter>
    </ClInclude>
    <ClInclude Include="tensor\tensor_access_policy.hpp">
      <Filter>Header Files\tensor\access</Filter>
    </ClInclude>
    <ClInclude Include="tensor\detail\numeric_sequence_headers.hpp">
      <Filter>Header Files\tensor\sequence</Filter>
    </ClInclude>
    <ClInclude Include="tensor\vector.hpp">
      <Filter>Header Files\tensor\sequence</Filter>
    </ClInclude>
    <ClInclude Include="tensor\vector_traits.hpp">
      <Filter>Header Files\tensor\sequence</Filter>
    </ClInclude>
    <ClInclude Include="utility\type_traits.hpp">
      <Filter>Header Files\utility</Filter>
    </ClInclude>
    <ClInclude Include="tensor\detail\point_generator.hpp">
      <Filter>Header Files\tensor\detail</Filter>
    </ClInclude>
    <ClInclude Include="tensor\detail\point_n.hpp">
      <Filter>Header Files\tensor\detail</Filter>
    </ClInclude>
    <ClInclude Include="tensor\detail\point_base.hpp">
      <Filter>Header Files\tensor\detail</Filter>
    </ClInclude>
    <ClInclude Include="primitive\point_forward.hpp">
      <Filter>Header Files\primitive</Filter>
    </ClInclude>
    <ClInclude Include="tensor\fusion_matrix_access_policy.hpp">
      <Filter>Header Files\tensor\access</Filter>
    </ClInclude>
    <ClInclude Include="geometric_traits.hpp">
      <Filter>Header Files</Filter>
    </ClInclude>
    <ClInclude Include="space\coordinate_sequence.hpp">
      <Filter>Header Files\space</Filter>
    </ClInclude>
    <ClInclude Include="tensor\numeric_sequence.hpp">
      <Filter>Header Files\tensor\sequence</Filter>
    </ClInclude>
    <ClInclude Include="tensor\sequence.hpp">
      <Filter>Header Files\tensor\sequence</Filter>
    </ClInclude>
    <ClInclude Include="tensor\scalar.hpp">
      <Filter>Header Files\tensor\scalar</Filter>
    </ClInclude>
    <ClInclude Include="utility\member_function_fusion_adaptor\member_function_proxy.hpp">
      <Filter>Header Files\utility\fusion</Filter>
    </ClInclude>
    <ClInclude Include="tensor\matrix_forward.hpp">
      <Filter>Header Files\tensor\matrix</Filter>
    </ClInclude>
    <ClInclude Include="tensor\numeric_sequence_compare.hpp">
      <Filter>Header Files\tensor\sequence</Filter>
    </ClInclude>
    <ClInclude Include="tensor\vector_forward.hpp">
      <Filter>Header Files\tensor\sequence</Filter>
    </ClInclude>
    <ClInclude Include="tensor\fusion_matrix.hpp">
      <Filter>Header Files\tensor\matrix</Filter>
    </ClInclude>
    <ClInclude Include="tensor\fusion_vector.hpp">
      <Filter>Header Files\tensor\sequence</Filter>
    </ClInclude>
    <ClInclude Include="tensor\fusion_tensor_sequence_adaptor.hpp">
      <Filter>Header Files\tensor\sequence</Filter>
    </ClInclude>
    <ClInclude Include="space\dimension.hpp">
      <Filter>Header Files\space</Filter>
    </ClInclude>
    <ClInclude Include="numeric\function_traits.hpp">
      <Filter>Header Files\numeric</Filter>
    </ClInclude>
    <ClInclude Include="algebra\grammar.hpp">
      <Filter>Header Files\algebra</Filter>
    </ClInclude>
    <ClInclude Include="arithmetic\arithmetic.hpp">
      <Filter>Header Files\arithmetic</Filter>
    </ClInclude>
    <ClInclude Include="arithmetic\matrix_arithmetic.hpp">
      <Filter>Header Files\arithmetic</Filter>
    </ClInclude>
    <ClInclude Include="arithmetic\scalar_arithmetic.hpp">
      <Filter>Header Files\arithmetic</Filter>
    </ClInclude>
    <ClInclude Include="arithmetic\tensor_function.hpp">
      <Filter>Header Files\arithmetic</Filter>
    </ClInclude>
    <ClInclude Include="arithmetic\tensor_arithmetic.hpp">
      <Filter>Header Files\arithmetic</Filter>
    </ClInclude>
    <ClInclude Include="arithmetic\detail\determinant.hpp">
      <Filter>Header Files\arithmetic\detail</Filter>
    </ClInclude>
    <ClInclude Include="algebra\detail\lup_decomposition.hpp">
      <Filter>Header Files\algebra\detail</Filter>
    </ClInclude>
    <ClInclude Include="tensor\detail\matrix.hpp">
      <Filter>Header Files\tensor\detail</Filter>
    </ClInclude>
    <ClInclude Include="tensor\composite_matrix.hpp">
      <Filter>Header Files\tensor\matrix</Filter>
    </ClInclude>
    <ClInclude Include="algebra\detail\dot_product.hpp">
      <Filter>Header Files\algebra\detail</Filter>
    </ClInclude>
    <ClInclude Include="tensor\detail\as_matrix.hpp">
      <Filter>Header Files\tensor\detail</Filter>
    </ClInclude>
    <ClInclude Include="algebra\algebra.hpp">
      <Filter>Header Files\algebra</Filter>
    </ClInclude>
    <ClInclude Include="tensor\detail\preprocessed\as_matrix.hpp">
      <Filter>Header Files\tensor\matrix\preprocessed</Filter>
    </ClInclude>
    <ClInclude Include="tensor\detail\preprocessed\matrix.hpp">
      <Filter>Header Files\tensor\matrix\preprocessed</Filter>
    </ClInclude>
    <ClInclude Include="space\polar_reference_frame.hpp">
      <Filter>Header Files\space</Filter>
    </ClInclude>
    <ClInclude Include="primitive\point_sequence_utilities.hpp">
      <Filter>Header Files\primitive</Filter>
    </ClInclude>
    <ClInclude Include="utility\utilities.hpp">
      <Filter>Header Files\utility</Filter>
    </ClInclude>
    <ClInclude Include="numeric\rational_utilities.hpp">
      <Filter>Header Files\numeric</Filter>
    </ClInclude>
    <ClInclude Include="algebra\detail\preprocessed\dot_product.hpp">
      <Filter>Header Files\algebra\detail\preprocessed</Filter>
    </ClInclude>
    <ClInclude Include="algebra\exterior_product.hpp">
      <Filter>Header Files\algebra</Filter>
    </ClInclude>
    <ClInclude Include="algebra\functions\magnitude.hpp">
      <Filter>Header Files\algebra\functions</Filter>
    </ClInclude>
    <ClInclude Include="algebra\functions\binary_function.hpp">
      <Filter>Header Files\algebra\functions</Filter>
    </ClInclude>
    <ClInclude Include="algebra\functions\unary_function.hpp">
      <Filter>Header Files\algebra\functions</Filter>
    </ClInclude>
    <ClInclude Include="algebra\functions\determinant.hpp">
      <Filter>Header Files\algebra\functions</Filter>
    </ClInclude>
    <ClInclude Include="algebra\functions\inverse.hpp">
      <Filter>Header Files\algebra\functions</Filter>
    </ClInclude>
    <ClInclude Include="algebra\functions\negate.hpp">
      <Filter>Header Files\algebra\functions</Filter>
    </ClInclude>
    <ClInclude Include="algebra\functions\normalize.hpp">
      <Filter>Header Files\algebra\functions</Filter>
    </ClInclude>
    <ClInclude Include="algebra\functions\transpose.hpp">
      <Filter>Header Files\algebra\functions</Filter>
    </ClInclude>
    <ClInclude Include="arithmetic\vector\magnitude.hpp">
      <Filter>Header Files\arithmetic\vector</Filter>
    </ClInclude>
    <ClInclude Include="arithmetic\vector\normalize.hpp">
      <Filter>Header Files\arithmetic\vector</Filter>
    </ClInclude>
    <ClInclude Include="arithmetic\vector\vector_arithmetic.hpp">
      <Filter>Header Files\arithmetic\vector</Filter>
    </ClInclude>
    <ClInclude Include="arithmetic\vector\perp.hpp">
      <Filter>Header Files\arithmetic\vector</Filter>
    </ClInclude>
    <ClInclude Include="arithmetic\vector\normalize_at_index.hpp">
      <Filter>Header Files\arithmetic\vector</Filter>
    </ClInclude>
    <ClInclude Include="algebra\functions\addition.hpp">
      <Filter>Header Files\algebra\functions\binary</Filter>
    </ClInclude>
    <ClInclude Include="algebra\functions\division.hpp">
      <Filter>Header Files\algebra\functions\binary</Filter>
    </ClInclude>
    <ClInclude Include="algebra\functions\multiplication.hpp">
      <Filter>Header Files\algebra\functions\binary</Filter>
    </ClInclude>
    <ClInclude Include="algebra\functions\subtraction.hpp">
      <Filter>Header Files\algebra\functions\binary</Filter>
    </ClInclude>
    <ClInclude Include="algebra\functions\cross_product.hpp">
      <Filter>Header Files\algebra\functions\binary</Filter>
    </ClInclude>
    <ClInclude Include="algebra\functions\dot_product.hpp">
      <Filter>Header Files\algebra\functions\binary</Filter>
    </ClInclude>
    <ClInclude Include="algebra\functions\matrix_product.hpp">
      <Filter>Header Files\algebra\functions\binary</Filter>
    </ClInclude>
    <ClInclude Include="algebra\functions\tensor_product.hpp">
      <Filter>Header Files\algebra\functions\binary</Filter>
    </ClInclude>
    <ClInclude Include="arithmetic\vector.hpp">
      <Filter>Header Files\arithmetic</Filter>
    </ClInclude>
    <ClInclude Include="algebra\detail\preprocessed\lup_decomposition.hpp">
      <Filter>Header Files\algebra\detail\preprocessed</Filter>
    </ClInclude>
    <ClInclude Include="algorithm\bentley_ottmann_segment_intersection.hpp">
      <Filter>Header Files\algorithm</Filter>
    </ClInclude>
    <ClInclude Include="algorithm\bentley_ottmann_sweep.hpp">
      <Filter>Header Files\algorithm</Filter>
    </ClInclude>
    <ClInclude Include="algorithm\bounding_box_intersection.hpp">
      <Filter>Header Files\algorithm</Filter>
    </ClInclude>
    <ClInclude Include="algorithm\bsp_tree_2d.hpp">
      <Filter>Header Files\algorithm</Filter>
    </ClInclude>
    <ClInclude Include="algorithm\bsp_tree_2d_fwd.hpp">
      <Filter>Header Files\algorithm</Filter>
    </ClInclude>
    <ClInclude Include="algorithm\convex_hull_divide_and_conquer.hpp">
      <Filter>Header Files\algorithm</Filter>
    </ClInclude>
    <ClInclude Include="algorithm\convex_hull_graham.hpp">
      <Filter>Header Files\algorithm</Filter>
    </ClInclude>
    <ClInclude Include="algorithm\kd_tree.hpp">
      <Filter>Header Files\algorithm</Filter>
    </ClInclude>
    <ClInclude Include="algorithm\median_partitioning_strategy.hpp">
      <Filter>Header Files\algorithm</Filter>
    </ClInclude>
    <ClInclude Include="algorithm\trapezoidal_decomposition.hpp">
      <Filter>Header Files\algorithm</Filter>
    </ClInclude>
    <ClInclude Include="algorithm\point_in_polygon.hpp">
      <Filter>Header Files\algorithm</Filter>
    </ClInclude>
    <ClInclude Include="algebra\expression_generator.hpp">
      <Filter>Header Files\algebra</Filter>
    </ClInclude>
    <ClInclude Include="algorithm\floodfill_grid_traversal.hpp">
      <Filter>Header Files\algorithm</Filter>
    </ClInclude>
    <ClInclude Include="algorithm\grid_traits.hpp">
      <Filter>Header Files\algorithm</Filter>
    </ClInclude>
    <ClInclude Include="algorithm\cohen_sutherland_line_clipping.hpp">
      <Filter>Header Files\algorithm</Filter>
    </ClInclude>
    <ClInclude Include="algorithm\bresenham_segment_traversal.hpp">
      <Filter>Header Files\algorithm</Filter>
    </ClInclude>
    <ClInclude Include="algorithm\fast_voxel_grid_traversal.hpp">
      <Filter>Header Files\algorithm</Filter>
    </ClInclude>
    <ClInclude Include="utility\assert.hpp">
      <Filter>Header Files\utility</Filter>
    </ClInclude>
    <ClInclude Include="algorithm\eberly_triangle_aabb_intersection.hpp">
      <Filter>Header Files\algorithm</Filter>
    </ClInclude>
    <ClInclude Include="algorithm\grid_2d.hpp">
      <Filter>Header Files\algorithm</Filter>
    </ClInclude>
    <ClInclude Include="algorithm\mesh_2d.hpp">
      <Filter>Header Files\algorithm</Filter>
    </ClInclude>
    <ClInclude Include="algebra\functions\absolute_value.hpp">
      <Filter>Header Files</Filter>
    </ClInclude>
    <ClInclude Include="utility\memoize.hpp">
      <Filter>Header Files\utility</Filter>
    </ClInclude>
    <ClInclude Include="algorithm\visible_vertices_mesh_search.hpp">
      <Filter>Header Files\algorithm</Filter>
    </ClInclude>
    <ClInclude Include="utility\as.hpp">
      <Filter>Header Files\utility</Filter>
    </ClInclude>
    <ClInclude Include="algorithm\hash_grid_2d.hpp">
      <Filter>Header Files\algorithm</Filter>
    </ClInclude>
    <ClInclude Include="algorithm\euclidean_distance.hpp">
      <Filter>Header Files\algorithm\distance</Filter>
    </ClInclude>
    <ClInclude Include="algorithm\distance\point_aabb_distance.hpp">
      <Filter>Header Files\algorithm\distance</Filter>
    </ClInclude>
    <ClInclude Include="algorithm\is_segment_in_range.hpp">
      <Filter>Header Files\algorithm</Filter>
    </ClInclude>
    <ClInclude Include="algorithm\intersection\segment_triangle_intersection.hpp">
      <Filter>Header Files\algorithm\intersection</Filter>
    </ClInclude>
    <ClInclude Include="algorithm\intersection\separating_axis_convex_polygons.hpp">
      <Filter>Header Files\algorithm\intersection</Filter>
    </ClInclude>
    <ClInclude Include="primitive\array_point_sequence.hpp">
      <Filter>Header Files\primitive</Filter>
    </ClInclude>
    <ClInclude Include="algorithm\point_sequence\remove_collinear_points.hpp">
      <Filter>Header Files\algorithm\point_sequence</Filter>
    </ClInclude>
    <ClInclude Include="algorithm\point_sequence\is_polygon_simple.hpp">
      <Filter>Header Files\algorithm\point_sequence</Filter>
    </ClInclude>
    <ClInclude Include="algorithm\intersection\moving_sphere_plane_intersection.hpp">
      <Filter>Header Files\algorithm\intersection</Filter>
    </ClInclude>
    <ClInclude Include="primitive\plane.hpp">
      <Filter>Header Files\primitive</Filter>
    </ClInclude>
    <ClInclude Include="primitive\plane_traits.hpp">
      <Filter>Header Files\primitive</Filter>
    </ClInclude>
    <ClInclude Include="algorithm\intersection\moving_sphere_segment_intersection.hpp">
      <Filter>Header Files\algorithm\intersection</Filter>
    </ClInclude>
    <ClInclude Include="algorithm\intersection\ray_sphere_intersection.hpp">
      <Filter>Header Files\algorithm\intersection</Filter>
    </ClInclude>
    <ClInclude Include="algorithm\intersection\moving_sphere_sphere_intersection.hpp">
      <Filter>Header Files\algorithm\intersection</Filter>
    </ClInclude>
    <ClInclude Include="test\test.hpp">
      <Filter>Header Files\test</Filter>
    </ClInclude>
    <ClInclude Include="utility\ignore_unused_warnings.hpp">
      <Filter>Header Files\utility</Filter>
    </ClInclude>
    <ClInclude Include="utility\static_assert.hpp">
      <Filter>Header Files\utility</Filter>
    </ClInclude>
    <ClInclude Include="algorithm\intersection\segment_polyline_intersection.hpp">
      <Filter>Header Files\algorithm\intersection</Filter>
    </ClInclude>
    <ClInclude Include="algorithm\intersection\segment_segment_intersection.hpp">
      <Filter>Header Files\algorithm\intersection</Filter>
    </ClInclude>
    <ClInclude Include="algorithm\point_sequence\polyline_mid_point.hpp">
      <Filter>Header Files\algorithm\point_sequence</Filter>
    </ClInclude>
    <ClInclude Include="utility\scope_timer.hpp">
      <Filter>Header Files\utility</Filter>
    </ClInclude>
    <ClInclude Include="algorithm\point_sequence\length.hpp">
      <Filter>Header Files\algorithm\point_sequence</Filter>
    </ClInclude>
  </ItemGroup>
  <ItemGroup>
    <None Include="utility\scope_timer.ipp">
      <Filter>Header Files\utility</Filter>
    </None>
  </ItemGroup>
</Project>