
Microsoft Visual Studio Solution File, Format Version 10.00
# Visual Studio 2008
Project("{8BC9CEB8-8B4A-11D0-8D11-00A0C91BC942}") = "geometry", "geometry\geometry.vcproj", "{8AC916F5-AFC1-4D48-A140-CF170504161C}"
EndProject
Project("{8BC9CEB8-8B4A-11D0-8D11-00A0C91BC942}") = "geometry_test", "geometry_test\geometry_test.vcproj", "{4F37460A-DACC-4E6F-B496-1BDC0B912DD7}"
EndProject
Global
	GlobalSection(SolutionConfigurationPlatforms) = preSolution
		Debug|Win32 = Debug|Win32
		ProfileRelease|Win32 = ProfileRelease|Win32
		Release - Secure|Win32 = Release - Secure|Win32
		Release|Win32 = Release|Win32
	EndGlobalSection
	GlobalSection(ProjectConfigurationPlatforms) = postSolution
		{8AC916F5-AFC1-4D48-A140-CF170504161C}.Debug|Win32.ActiveCfg = Debug|Win32
		{8AC916F5-AFC1-4D48-A140-CF170504161C}.Debug|Win32.Build.0 = Debug|Win32
		{8AC916F5-AFC1-4D48-A140-CF170504161C}.ProfileRelease|Win32.ActiveCfg = Release|Win32
		{8AC916F5-AFC1-4D48-A140-CF170504161C}.ProfileRelease|Win32.Build.0 = Release|Win32
		{8AC916F5-AFC1-4D48-A140-CF170504161C}.Release - Secure|Win32.ActiveCfg = Release|Win32
		{8AC916F5-AFC1-4D48-A140-CF170504161C}.Release - Secure|Win32.Build.0 = Release|Win32
		{8AC916F5-AFC1-4D48-A140-CF170504161C}.Release|Win32.ActiveCfg = Release|Win32
		{8AC916F5-AFC1-4D48-A140-CF170504161C}.Release|Win32.Build.0 = Release|Win32
		{4F37460A-DACC-4E6F-B496-1BDC0B912DD7}.Debug|Win32.ActiveCfg = Debug|Win32
		{4F37460A-DACC-4E6F-B496-1BDC0B912DD7}.Debug|Win32.Build.0 = Debug|Win32
		{4F37460A-DACC-4E6F-B496-1BDC0B912DD7}.ProfileRelease|Win32.ActiveCfg = ProfileRelease|Win32
		{4F37460A-DACC-4E6F-B496-1BDC0B912DD7}.ProfileRelease|Win32.Build.0 = ProfileRelease|Win32
		{4F37460A-DACC-4E6F-B496-1BDC0B912DD7}.Release - Secure|Win32.ActiveCfg = Release - Secure|Win32
		{4F37460A-DACC-4E6F-B496-1BDC0B912DD7}.Release - Secure|Win32.Build.0 = Release - Secure|Win32
		{4F37460A-DACC-4E6F-B496-1BDC0B912DD7}.Release|Win32.ActiveCfg = Release|Win32
		{4F37460A-DACC-4E6F-B496-1BDC0B912DD7}.Release|Win32.Build.0 = Release|Win32
	EndGlobalSection
	GlobalSection(SolutionProperties) = preSolution
		HideSolutionNode = FALSE
	EndGlobalSection
	GlobalSection(ExtensibilityGlobals) = postSolution
		AMDCaProjectFile = C:\Users\Brandon\Documents\Visual Studio 2008\Projects\trunk\CodeAnalyst\geometry.caw
	EndGlobalSection
EndGlobal
