
Microsoft Visual Studio Solution File, Format Version 12.00
# Visual Studio 14
VisualStudioVersion = 14.0.25008.0
MinimumVisualStudioVersion = 10.0.40219.1
Project("{8BC9CEB8-8B4A-11D0-8D11-00A0C91BC942}") = "geometry_test", "geometry_test\geometry_test.vcxproj", "{4F37460A-DACC-4E6F-B496-1BDC0B912DD7}"
EndProject
Project("{8BC9CEB8-8B4A-11D0-8D11-00A0C91BC942}") = "documentation", "documentation\documentation.vcxproj", "{73214AAE-FE2F-4BD1-99C0-F6C5252E7A5A}"
EndProject
Project("{8BC9CEB8-8B4A-11D0-8D11-00A0C91BC942}") = "geometrix", "geometrix\geometrix.vcxproj", "{7569A4ED-8C7C-DBA2-EF59-160BD3138388}"
EndProject
Global
	GlobalSection(SolutionConfigurationPlatforms) = preSolution
		Debug_vc14|Win32 = Debug_vc14|Win32
		Debug_vc14|x64 = Debug_vc14|x64
		Debug|Win32 = Debug|Win32
		Debug|x64 = Debug|x64
		ProfileRelease|Win32 = ProfileRelease|Win32
		ProfileRelease|x64 = ProfileRelease|x64
		Release - Secure|Win32 = Release - Secure|Win32
		Release - Secure|x64 = Release - Secure|x64
		Release|Win32 = Release|Win32
		Release|x64 = Release|x64
	EndGlobalSection
	GlobalSection(ProjectConfigurationPlatforms) = postSolution
		{4F37460A-DACC-4E6F-B496-1BDC0B912DD7}.Debug_vc14|Win32.ActiveCfg = Debug_vc14|Win32
		{4F37460A-DACC-4E6F-B496-1BDC0B912DD7}.Debug_vc14|Win32.Build.0 = Debug_vc14|Win32
		{4F37460A-DACC-4E6F-B496-1BDC0B912DD7}.Debug_vc14|x64.ActiveCfg = Debug_vc14|x64
		{4F37460A-DACC-4E6F-B496-1BDC0B912DD7}.Debug_vc14|x64.Build.0 = Debug_vc14|x64
		{4F37460A-DACC-4E6F-B496-1BDC0B912DD7}.Debug|Win32.ActiveCfg = Debug|Win32
		{4F37460A-DACC-4E6F-B496-1BDC0B912DD7}.Debug|Win32.Build.0 = Debug|Win32
		{4F37460A-DACC-4E6F-B496-1BDC0B912DD7}.Debug|x64.ActiveCfg = Debug|x64
		{4F37460A-DACC-4E6F-B496-1BDC0B912DD7}.Debug|x64.Build.0 = Debug|x64
		{4F37460A-DACC-4E6F-B496-1BDC0B912DD7}.ProfileRelease|Win32.ActiveCfg = ProfileRelease|Win32
		{4F37460A-DACC-4E6F-B496-1BDC0B912DD7}.ProfileRelease|Win32.Build.0 = ProfileRelease|Win32
		{4F37460A-DACC-4E6F-B496-1BDC0B912DD7}.ProfileRelease|x64.ActiveCfg = ProfileRelease|x64
		{4F37460A-DACC-4E6F-B496-1BDC0B912DD7}.ProfileRelease|x64.Build.0 = ProfileRelease|x64
		{4F37460A-DACC-4E6F-B496-1BDC0B912DD7}.Release - Secure|Win32.ActiveCfg = Release - Secure|Win32
		{4F37460A-DACC-4E6F-B496-1BDC0B912DD7}.Release - Secure|Win32.Build.0 = Release - Secure|Win32
		{4F37460A-DACC-4E6F-B496-1BDC0B912DD7}.Release - Secure|x64.ActiveCfg = Release - Secure|x64
		{4F37460A-DACC-4E6F-B496-1BDC0B912DD7}.Release - Secure|x64.Build.0 = Release - Secure|x64
		{4F37460A-DACC-4E6F-B496-1BDC0B912DD7}.Release|Win32.ActiveCfg = Release|Win32
		{4F37460A-DACC-4E6F-B496-1BDC0B912DD7}.Release|Win32.Build.0 = Release|Win32
		{4F37460A-DACC-4E6F-B496-1BDC0B912DD7}.Release|x64.ActiveCfg = Release|x64
		{4F37460A-DACC-4E6F-B496-1BDC0B912DD7}.Release|x64.Build.0 = Release|x64
		{73214AAE-FE2F-4BD1-99C0-F6C5252E7A5A}.Debug_vc14|Win32.ActiveCfg = Debug_vc14|Win32
		{73214AAE-FE2F-4BD1-99C0-F6C5252E7A5A}.Debug_vc14|Win32.Build.0 = Debug_vc14|Win32
		{73214AAE-FE2F-4BD1-99C0-F6C5252E7A5A}.Debug_vc14|x64.ActiveCfg = Debug_vc14|x64
		{73214AAE-FE2F-4BD1-99C0-F6C5252E7A5A}.Debug_vc14|x64.Build.0 = Debug_vc14|x64
		{73214AAE-FE2F-4BD1-99C0-F6C5252E7A5A}.Debug|Win32.ActiveCfg = Debug|Win32
		{73214AAE-FE2F-4BD1-99C0-F6C5252E7A5A}.Debug|x64.ActiveCfg = Debug|x64
		{73214AAE-FE2F-4BD1-99C0-F6C5252E7A5A}.ProfileRelease|Win32.ActiveCfg = Release|Win32
		{73214AAE-FE2F-4BD1-99C0-F6C5252E7A5A}.ProfileRelease|x64.ActiveCfg = Release|x64
		{73214AAE-FE2F-4BD1-99C0-F6C5252E7A5A}.ProfileRelease|x64.Build.0 = Release|x64
		{73214AAE-FE2F-4BD1-99C0-F6C5252E7A5A}.Release - Secure|Win32.ActiveCfg = Release|Win32
		{73214AAE-FE2F-4BD1-99C0-F6C5252E7A5A}.Release - Secure|Win32.Build.0 = Release|Win32
		{73214AAE-FE2F-4BD1-99C0-F6C5252E7A5A}.Release - Secure|x64.ActiveCfg = Release|x64
		{73214AAE-FE2F-4BD1-99C0-F6C5252E7A5A}.Release - Secure|x64.Build.0 = Release|x64
		{73214AAE-FE2F-4BD1-99C0-F6C5252E7A5A}.Release|Win32.ActiveCfg = Release|Win32
		{73214AAE-FE2F-4BD1-99C0-F6C5252E7A5A}.Release|Win32.Build.0 = Release|Win32
		{73214AAE-FE2F-4BD1-99C0-F6C5252E7A5A}.Release|x64.ActiveCfg = Release|x64
		{7569A4ED-8C7C-DBA2-EF59-160BD3138388}.Debug_vc14|Win32.ActiveCfg = Debug_vc14|Win32
		{7569A4ED-8C7C-DBA2-EF59-160BD3138388}.Debug_vc14|Win32.Build.0 = Debug_vc14|Win32
		{7569A4ED-8C7C-DBA2-EF59-160BD3138388}.Debug_vc14|x64.ActiveCfg = Debug_vc14|x64
		{7569A4ED-8C7C-DBA2-EF59-160BD3138388}.Debug_vc14|x64.Build.0 = Debug_vc14|x64
		{7569A4ED-8C7C-DBA2-EF59-160BD3138388}.Debug|Win32.ActiveCfg = Debug|Win32
		{7569A4ED-8C7C-DBA2-EF59-160BD3138388}.Debug|Win32.Build.0 = Debug|Win32
		{7569A4ED-8C7C-DBA2-EF59-160BD3138388}.Debug|x64.ActiveCfg = Debug|x64
		{7569A4ED-8C7C-DBA2-EF59-160BD3138388}.Debug|x64.Build.0 = Debug|x64
		{7569A4ED-8C7C-DBA2-EF59-160BD3138388}.ProfileRelease|Win32.ActiveCfg = Release|Win32
		{7569A4ED-8C7C-DBA2-EF59-160BD3138388}.ProfileRelease|Win32.Build.0 = Release|Win32
		{7569A4ED-8C7C-DBA2-EF59-160BD3138388}.ProfileRelease|x64.ActiveCfg = Release|x64
		{7569A4ED-8C7C-DBA2-EF59-160BD3138388}.ProfileRelease|x64.Build.0 = Release|x64
		{7569A4ED-8C7C-DBA2-EF59-160BD3138388}.Release - Secure|Win32.ActiveCfg = Release|Win32
		{7569A4ED-8C7C-DBA2-EF59-160BD3138388}.Release - Secure|Win32.Build.0 = Release|Win32
		{7569A4ED-8C7C-DBA2-EF59-160BD3138388}.Release - Secure|x64.ActiveCfg = Release|x64
		{7569A4ED-8C7C-DBA2-EF59-160BD3138388}.Release - Secure|x64.Build.0 = Release|x64
		{7569A4ED-8C7C-DBA2-EF59-160BD3138388}.Release|Win32.ActiveCfg = Release|Win32
		{7569A4ED-8C7C-DBA2-EF59-160BD3138388}.Release|Win32.Build.0 = Release|Win32
		{7569A4ED-8C7C-DBA2-EF59-160BD3138388}.Release|x64.ActiveCfg = Release|x64
		{7569A4ED-8C7C-DBA2-EF59-160BD3138388}.Release|x64.Build.0 = Release|x64
	EndGlobalSection
	GlobalSection(SolutionProperties) = preSolution
		HideSolutionNode = FALSE
	EndGlobalSection
	GlobalSection(ExtensibilityGlobals) = postSolution
		AMDCaProjectFile = C:\Users\Brandon\Documents\Visual Studio 2008\Projects\trunk\CodeAnalyst\geometry.caw
	EndGlobalSection
EndGlobal
