<?xml version="1.0" encoding="utf-8"?>
<Project ToolsVersion="4.0" xmlns="http://schemas.microsoft.com/developer/msbuild/2003">
  <ItemGroup>
    <Filter Include="Source Files">
      <UniqueIdentifier>{4FC737F1-C7A5-4376-A066-2A32D752A2FF}</UniqueIdentifier>
      <Extensions>cpp;c;cc;cxx;def;odl;idl;hpj;bat;asm;asmx</Extensions>
    </Filter>
    <Filter Include="Header Files">
      <UniqueIdentifier>{93995380-89BD-4b04-88EB-625FBE52EBFB}</UniqueIdentifier>
      <Extensions>h;hpp;hxx;hm;inl;inc;xsd</Extensions>
    </Filter>
    <Filter Include="Resource Files">
      <UniqueIdentifier>{67DA6AB6-F800-4c08-8B7A-83BB121AAD01}</UniqueIdentifier>
      <Extensions>rc;ico;cur;bmp;dlg;rc2;rct;bin;rgs;gif;jpg;jpeg;jpe;resx;tiff;tif;png;wav</Extensions>
    </Filter>
  </ItemGroup>
  <ItemGroup>
    <ClCompile Include="geometry_test.cpp">
      <Filter>Source Files</Filter>
    </ClCompile>
    <ClCompile Include="scope_timer.cpp">
      <Filter>Source Files</Filter>
    </ClCompile>
  </ItemGroup>
  <ItemGroup>
    <ClInclude Include="access_time_tests.hpp">
      <Filter>Header Files</Filter>
    </ClInclude>
    <ClInclude Include="boolean_operation_bsp_test.hpp">
      <Filter>Header Files</Filter>
    </ClInclude>
    <ClInclude Include="bsp_test.hpp">
      <Filter>Header Files</Filter>
    </ClInclude>
    <ClInclude Include="constant_tests.hpp">
      <Filter>Header Files</Filter>
    </ClInclude>
    <ClInclude Include="convex_hull_test.hpp">
      <Filter>Header Files</Filter>
    </ClInclude>
    <ClInclude Include="distance_tests.hpp">
      <Filter>Header Files</Filter>
    </ClInclude>
    <ClInclude Include="intersection_tests.hpp">
      <Filter>Header Files</Filter>
    </ClInclude>
    <ClInclude Include="kd_tree_test.hpp">
      <Filter>Header Files</Filter>
    </ClInclude>
    <ClInclude Include="member_fusion_adaptor.hpp">
      <Filter>Header Files</Filter>
    </ClInclude>
    <ClInclude Include="point_example.hpp">
      <Filter>Header Files</Filter>
    </ClInclude>
    <ClInclude Include="point_example_multi_type.hpp">
      <Filter>Header Files</Filter>
    </ClInclude>
    <ClInclude Include="point_sequence_tests.hpp">
      <Filter>Header Files</Filter>
    </ClInclude>
    <ClInclude Include="point_tests.hpp">
      <Filter>Header Files</Filter>
    </ClInclude>
    <ClInclude Include="product_tests.hpp">
      <Filter>Header Files</Filter>
    </ClInclude>
    <ClInclude Include="reference_frame_tests.hpp">
      <Filter>Header Files</Filter>
    </ClInclude>
    <ClInclude Include="scope_timer.hpp">
      <Filter>Header Files</Filter>
    </ClInclude>
    <ClInclude Include="segment_intersection_tests.hpp">
      <Filter>Header Files</Filter>
    </ClInclude>
    <ClInclude Include="segment_interval_test.hpp">
      <Filter>Header Files</Filter>
    </ClInclude>
    <ClInclude Include="tolerance_comparison_tests.hpp">
      <Filter>Header Files</Filter>
    </ClInclude>
    <ClInclude Include="trapezoidal_decomposition_test.hpp">
      <Filter>Header Files</Filter>
    </ClInclude>
    <ClInclude Include="tuple_kernal.hpp">
      <Filter>Header Files</Filter>
    </ClInclude>
    <ClInclude Include="utility_tests.hpp">
      <Filter>Header Files</Filter>
    </ClInclude>
    <ClInclude Include="vector_kernal.hpp">
      <Filter>Header Files</Filter>
    </ClInclude>
    <ClInclude Include="matrix_traits_test.hpp">
      <Filter>Header Files</Filter>
    </ClInclude>
    <ClInclude Include="linear_algebra_timings.hpp">
      <Filter>Header Files</Filter>
    </ClInclude>
    <ClInclude Include="lup_decomposition_test.hpp">
      <Filter>Header Files</Filter>
    </ClInclude>
    <ClInclude Include="tensor_tests.hpp">
      <Filter>Header Files</Filter>
    </ClInclude>
    <ClInclude Include="numeric_cast_traits_test.hpp">
      <Filter>Header Files</Filter>
    </ClInclude>
    <ClInclude Include="transform_tests.hpp">
      <Filter>Header Files</Filter>
    </ClInclude>
    <ClInclude Include="compose_matrix_test.hpp">
      <Filter>Header Files</Filter>
    </ClInclude>
    <ClInclude Include="proto_expression_tests.hpp">
      <Filter>Header Files</Filter>
    </ClInclude>
    <ClInclude Include="vector_point_arithmetic_tests.hpp">
      <Filter>Header Files</Filter>
    </ClInclude>
  </ItemGroup>
</Project>